
Microsoft Visual Studio Solution File, Format Version 12.00
# Visual Studio Version 17
VisualStudioVersion = 17.7.34031.279
MinimumVisualStudioVersion = 10.0.40219.1
Project("{888888A0-9F3D-457C-B088-3A5042F75D52}") = "rocket_sim", "rocket_sim\rocket_sim.pyproj", "{42827707-5DCD-468B-ACD5-5E85815DBCA5}"
EndProject
Global
	GlobalSection(SolutionConfigurationPlatforms) = preSolution
		Debug|Any CPU = Debug|Any CPU
		Release|Any CPU = Release|Any CPU
	EndGlobalSection
	GlobalSection(ProjectConfigurationPlatforms) = postSolution
		{42827707-5DCD-468B-ACD5-5E85815DBCA5}.Debug|Any CPU.ActiveCfg = Debug|Any CPU
		{42827707-5DCD-468B-ACD5-5E85815DBCA5}.Release|Any CPU.ActiveCfg = Release|Any CPU
	EndGlobalSection
	GlobalSection(SolutionProperties) = preSolution
		HideSolutionNode = FALSE
	EndGlobalSection
	GlobalSection(ExtensibilityGlobals) = postSolution
		SolutionGuid = {C4E0ADE0-1046-431D-A213-200490A535A6}
	EndGlobalSection
EndGlobal
